// !$*UTF8*$!
{
	archiveVersion = 1;
	classes = {
	};
	objectVersion = 51;
	objects = {

/* Begin PBXBuildFile section */
		58C6FB1422D76993004A9573 /* AppDelegate.swift in Sources */ = {isa = PBXBuildFile; fileRef = 58C6FB1322D76993004A9573 /* AppDelegate.swift */; };
		58C6FB1622D76993004A9573 /* MainMapViewController.swift in Sources */ = {isa = PBXBuildFile; fileRef = 58C6FB1522D76993004A9573 /* MainMapViewController.swift */; };
		58C6FB1922D76993004A9573 /* Main.storyboard in Resources */ = {isa = PBXBuildFile; fileRef = 58C6FB1722D76993004A9573 /* Main.storyboard */; };
		58C6FB1B22D76996004A9573 /* Assets.xcassets in Resources */ = {isa = PBXBuildFile; fileRef = 58C6FB1A22D76996004A9573 /* Assets.xcassets */; };
		58C6FB1E22D76996004A9573 /* LaunchScreen.storyboard in Resources */ = {isa = PBXBuildFile; fileRef = 58C6FB1C22D76996004A9573 /* LaunchScreen.storyboard */; };
		ABF3F2FF93D0756E5E5838FE /* Pods_MapsManager.framework in Frameworks */ = {isa = PBXBuildFile; fileRef = 8B9910689CA1366C91B4F9A1 /* Pods_MapsManager.framework */; };
/* End PBXBuildFile section */

/* Begin PBXFileReference section */
		33E2891BA93C9ABB47E29BEF /* Pods-MapsManager.debug.xcconfig */ = {isa = PBXFileReference; includeInIndex = 1; lastKnownFileType = text.xcconfig; name = "Pods-MapsManager.debug.xcconfig"; path = "Target Support Files/Pods-MapsManager/Pods-MapsManager.debug.xcconfig"; sourceTree = "<group>"; };
		58C6FB1022D76993004A9573 /* MapsManager.app */ = {isa = PBXFileReference; explicitFileType = wrapper.application; includeInIndex = 0; path = MapsManager.app; sourceTree = BUILT_PRODUCTS_DIR; };
		58C6FB1322D76993004A9573 /* AppDelegate.swift */ = {isa = PBXFileReference; lastKnownFileType = sourcecode.swift; path = AppDelegate.swift; sourceTree = "<group>"; };
		58C6FB1522D76993004A9573 /* MainMapViewController.swift */ = {isa = PBXFileReference; lastKnownFileType = sourcecode.swift; path = MainMapViewController.swift; sourceTree = "<group>"; };
		58C6FB1822D76993004A9573 /* Base */ = {isa = PBXFileReference; lastKnownFileType = file.storyboard; name = Base; path = Base.lproj/Main.storyboard; sourceTree = "<group>"; };
		58C6FB1A22D76996004A9573 /* Assets.xcassets */ = {isa = PBXFileReference; lastKnownFileType = folder.assetcatalog; path = Assets.xcassets; sourceTree = "<group>"; };
		58C6FB1D22D76996004A9573 /* Base */ = {isa = PBXFileReference; lastKnownFileType = file.storyboard; name = Base; path = Base.lproj/LaunchScreen.storyboard; sourceTree = "<group>"; };
		58C6FB1F22D76996004A9573 /* Info.plist */ = {isa = PBXFileReference; lastKnownFileType = text.plist.xml; path = Info.plist; sourceTree = "<group>"; };
		8B9910689CA1366C91B4F9A1 /* Pods_MapsManager.framework */ = {isa = PBXFileReference; explicitFileType = wrapper.framework; includeInIndex = 0; path = Pods_MapsManager.framework; sourceTree = BUILT_PRODUCTS_DIR; };
		D94EF912EAD9643C5794A476 /* Pods-MapsManager.release.xcconfig */ = {isa = PBXFileReference; includeInIndex = 1; lastKnownFileType = text.xcconfig; name = "Pods-MapsManager.release.xcconfig"; path = "Target Support Files/Pods-MapsManager/Pods-MapsManager.release.xcconfig"; sourceTree = "<group>"; };
/* End PBXFileReference section */

/* Begin PBXFrameworksBuildPhase section */
		58C6FB0D22D76993004A9573 /* Frameworks */ = {
			isa = PBXFrameworksBuildPhase;
			buildActionMask = 2147483647;
			files = (
				ABF3F2FF93D0756E5E5838FE /* Pods_MapsManager.framework in Frameworks */,
			);
			runOnlyForDeploymentPostprocessing = 0;
		};
/* End PBXFrameworksBuildPhase section */

/* Begin PBXGroup section */
		58C6FB0722D76993004A9573 = {
			isa = PBXGroup;
			children = (
				58C6FB1222D76993004A9573 /* MapsManager */,
				58C6FB1122D76993004A9573 /* Products */,
				C2115082633738B09FE9556D /* Pods */,
				5B97A0CBEC2E558DCF202E7A /* Frameworks */,
			);
			sourceTree = "<group>";
		};
		58C6FB1122D76993004A9573 /* Products */ = {
			isa = PBXGroup;
			children = (
				58C6FB1022D76993004A9573 /* MapsManager.app */,
			);
			name = Products;
			sourceTree = "<group>";
		};
		58C6FB1222D76993004A9573 /* MapsManager */ = {
			isa = PBXGroup;
			children = (
				58C6FB2622D76D75004A9573 /* ViewControllers */,
				58C6FB2722D76D82004A9573 /* Storyboards */,
				58C6FB2522D76D62004A9573 /* Support files */,
			);
			path = MapsManager;
			sourceTree = "<group>";
		};
		58C6FB2522D76D62004A9573 /* Support files */ = {
			isa = PBXGroup;
			children = (
				58C6FB1322D76993004A9573 /* AppDelegate.swift */,
				58C6FB1A22D76996004A9573 /* Assets.xcassets */,
				58C6FB1F22D76996004A9573 /* Info.plist */,
			);
			path = "Support files";
			sourceTree = "<group>";
		};
		58C6FB2622D76D75004A9573 /* ViewControllers */ = {
			isa = PBXGroup;
			children = (
				58C6FB1522D76993004A9573 /* MainMapViewController.swift */,
			);
			path = ViewControllers;
			sourceTree = "<group>";
		};
		58C6FB2722D76D82004A9573 /* Storyboards */ = {
			isa = PBXGroup;
			children = (
				58C6FB1722D76993004A9573 /* Main.storyboard */,
				58C6FB1C22D76996004A9573 /* LaunchScreen.storyboard */,
			);
			path = Storyboards;
			sourceTree = "<group>";
		};
		5B97A0CBEC2E558DCF202E7A /* Frameworks */ = {
			isa = PBXGroup;
			children = (
				8B9910689CA1366C91B4F9A1 /* Pods_MapsManager.framework */,
			);
			name = Frameworks;
			sourceTree = "<group>";
		};
		C2115082633738B09FE9556D /* Pods */ = {
			isa = PBXGroup;
			children = (
				33E2891BA93C9ABB47E29BEF /* Pods-MapsManager.debug.xcconfig */,
				D94EF912EAD9643C5794A476 /* Pods-MapsManager.release.xcconfig */,
			);
			path = Pods;
			sourceTree = "<group>";
		};
/* End PBXGroup section */

/* Begin PBXNativeTarget section */
		58C6FB0F22D76993004A9573 /* MapsManager */ = {
			isa = PBXNativeTarget;
			buildConfigurationList = 58C6FB2222D76996004A9573 /* Build configuration list for PBXNativeTarget "MapsManager" */;
			buildPhases = (
				073F40CCACB8700F6CDD99F6 /* [CP] Check Pods Manifest.lock */,
				58C6FB0C22D76993004A9573 /* Sources */,
				58C6FB0D22D76993004A9573 /* Frameworks */,
				58C6FB0E22D76993004A9573 /* Resources */,
				84DC3EAA2AA5DDC7B7348726 /* [CP] Copy Pods Resources */,
			);
			buildRules = (
			);
			dependencies = (
			);
			name = MapsManager;
			productName = MapsManager;
			productReference = 58C6FB1022D76993004A9573 /* MapsManager.app */;
			productType = "com.apple.product-type.application";
		};
/* End PBXNativeTarget section */

/* Begin PBXProject section */
		58C6FB0822D76993004A9573 /* Project object */ = {
			isa = PBXProject;
			attributes = {
				LastSwiftUpdateCheck = 1020;
				LastUpgradeCheck = 1020;
				ORGANIZATIONNAME = vit;
				TargetAttributes = {
					58C6FB0F22D76993004A9573 = {
						CreatedOnToolsVersion = 10.2.1;
					};
				};
			};
			buildConfigurationList = 58C6FB0B22D76993004A9573 /* Build configuration list for PBXProject "MapsManager" */;
			compatibilityVersion = "Xcode 9.3";
			developmentRegion = en;
			hasScannedForEncodings = 0;
			knownRegions = (
				en,
				Base,
			);
			mainGroup = 58C6FB0722D76993004A9573;
			productRefGroup = 58C6FB1122D76993004A9573 /* Products */;
			projectDirPath = "";
			projectRoot = "";
			targets = (
				58C6FB0F22D76993004A9573 /* MapsManager */,
			);
		};
/* End PBXProject section */

/* Begin PBXResourcesBuildPhase section */
		58C6FB0E22D76993004A9573 /* Resources */ = {
			isa = PBXResourcesBuildPhase;
			buildActionMask = 2147483647;
			files = (
				58C6FB1E22D76996004A9573 /* LaunchScreen.storyboard in Resources */,
				58C6FB1B22D76996004A9573 /* Assets.xcassets in Resources */,
				58C6FB1922D76993004A9573 /* Main.storyboard in Resources */,
			);
			runOnlyForDeploymentPostprocessing = 0;
		};
/* End PBXResourcesBuildPhase section */

/* Begin PBXShellScriptBuildPhase section */
		073F40CCACB8700F6CDD99F6 /* [CP] Check Pods Manifest.lock */ = {
			isa = PBXShellScriptBuildPhase;
			buildActionMask = 2147483647;
			files = (
			);
			inputFileListPaths = (
			);
			inputPaths = (
				"${PODS_PODFILE_DIR_PATH}/Podfile.lock",
				"${PODS_ROOT}/Manifest.lock",
			);
			name = "[CP] Check Pods Manifest.lock";
			outputFileListPaths = (
			);
			outputPaths = (
				"$(DERIVED_FILE_DIR)/Pods-MapsManager-checkManifestLockResult.txt",
			);
			runOnlyForDeploymentPostprocessing = 0;
			shellPath = /bin/sh;
			shellScript = "diff \"${PODS_PODFILE_DIR_PATH}/Podfile.lock\" \"${PODS_ROOT}/Manifest.lock\" > /dev/null\nif [ $? != 0 ] ; then\n    # print error to STDERR\n    echo \"error: The sandbox is not in sync with the Podfile.lock. Run 'pod install' or update your CocoaPods installation.\" >&2\n    exit 1\nfi\n# This output is used by Xcode 'outputs' to avoid re-running this script phase.\necho \"SUCCESS\" > \"${SCRIPT_OUTPUT_FILE_0}\"\n";
			showEnvVarsInLog = 0;
		};
		84DC3EAA2AA5DDC7B7348726 /* [CP] Copy Pods Resources */ = {
			isa = PBXShellScriptBuildPhase;
			buildActionMask = 2147483647;
			files = (
			);
			inputFileListPaths = (
				"${PODS_ROOT}/Target Support Files/Pods-MapsManager/Pods-MapsManager-resources-${CONFIGURATION}-input-files.xcfilelist",
			);
			name = "[CP] Copy Pods Resources";
			outputFileListPaths = (
				"${PODS_ROOT}/Target Support Files/Pods-MapsManager/Pods-MapsManager-resources-${CONFIGURATION}-output-files.xcfilelist",
			);
			runOnlyForDeploymentPostprocessing = 0;
			shellPath = /bin/sh;
			shellScript = "\"${PODS_ROOT}/Target Support Files/Pods-MapsManager/Pods-MapsManager-resources.sh\"\n";
			showEnvVarsInLog = 0;
		};
/* End PBXShellScriptBuildPhase section */

/* Begin PBXSourcesBuildPhase section */
		58C6FB0C22D76993004A9573 /* Sources */ = {
			isa = PBXSourcesBuildPhase;
			buildActionMask = 2147483647;
			files = (
				58C6FB1622D76993004A9573 /* MainMapViewController.swift in Sources */,
				58C6FB1422D76993004A9573 /* AppDelegate.swift in Sources */,
			);
			runOnlyForDeploymentPostprocessing = 0;
		};
/* End PBXSourcesBuildPhase section */

/* Begin PBXVariantGroup section */
		58C6FB1722D76993004A9573 /* Main.storyboard */ = {
			isa = PBXVariantGroup;
			children = (
				58C6FB1822D76993004A9573 /* Base */,
			);
			name = Main.storyboard;
			sourceTree = "<group>";
		};
		58C6FB1C22D76996004A9573 /* LaunchScreen.storyboard */ = {
			isa = PBXVariantGroup;
			children = (
				58C6FB1D22D76996004A9573 /* Base */,
			);
			name = LaunchScreen.storyboard;
			sourceTree = "<group>";
		};
/* End PBXVariantGroup section */

/* Begin XCBuildConfiguration section */
		58C6FB2022D76996004A9573 /* Debug */ = {
			isa = XCBuildConfiguration;
			buildSettings = {
				ALWAYS_SEARCH_USER_PATHS = NO;
				CLANG_ANALYZER_NONNULL = YES;
				CLANG_ANALYZER_NUMBER_OBJECT_CONVERSION = YES_AGGRESSIVE;
				CLANG_CXX_LANGUAGE_STANDARD = "gnu++14";
				CLANG_CXX_LIBRARY = "libc++";
				CLANG_ENABLE_MODULES = YES;
				CLANG_ENABLE_OBJC_ARC = YES;
				CLANG_ENABLE_OBJC_WEAK = YES;
				CLANG_WARN_BLOCK_CAPTURE_AUTORELEASING = YES;
				CLANG_WARN_BOOL_CONVERSION = YES;
				CLANG_WARN_COMMA = YES;
				CLANG_WARN_CONSTANT_CONVERSION = YES;
				CLANG_WARN_DEPRECATED_OBJC_IMPLEMENTATIONS = YES;
				CLANG_WARN_DIRECT_OBJC_ISA_USAGE = YES_ERROR;
				CLANG_WARN_DOCUMENTATION_COMMENTS = YES;
				CLANG_WARN_EMPTY_BODY = YES;
				CLANG_WARN_ENUM_CONVERSION = YES;
				CLANG_WARN_INFINITE_RECURSION = YES;
				CLANG_WARN_INT_CONVERSION = YES;
				CLANG_WARN_NON_LITERAL_NULL_CONVERSION = YES;
				CLANG_WARN_OBJC_IMPLICIT_RETAIN_SELF = YES;
				CLANG_WARN_OBJC_LITERAL_CONVERSION = YES;
				CLANG_WARN_OBJC_ROOT_CLASS = YES_ERROR;
				CLANG_WARN_RANGE_LOOP_ANALYSIS = YES;
				CLANG_WARN_STRICT_PROTOTYPES = YES;
				CLANG_WARN_SUSPICIOUS_MOVE = YES;
				CLANG_WARN_UNGUARDED_AVAILABILITY = YES_AGGRESSIVE;
				CLANG_WARN_UNREACHABLE_CODE = YES;
				CLANG_WARN__DUPLICATE_METHOD_MATCH = YES;
				CODE_SIGN_IDENTITY = "iPhone Developer";
				COPY_PHASE_STRIP = NO;
				DEBUG_INFORMATION_FORMAT = dwarf;
				ENABLE_STRICT_OBJC_MSGSEND = YES;
				ENABLE_TESTABILITY = YES;
				GCC_C_LANGUAGE_STANDARD = gnu11;
				GCC_DYNAMIC_NO_PIC = NO;
				GCC_NO_COMMON_BLOCKS = YES;
				GCC_OPTIMIZATION_LEVEL = 0;
				GCC_PREPROCESSOR_DEFINITIONS = (
					"DEBUG=1",
					"$(inherited)",
				);
				GCC_WARN_64_TO_32_BIT_CONVERSION = YES;
				GCC_WARN_ABOUT_RETURN_TYPE = YES_ERROR;
				GCC_WARN_UNDECLARED_SELECTOR = YES;
				GCC_WARN_UNINITIALIZED_AUTOS = YES_AGGRESSIVE;
				GCC_WARN_UNUSED_FUNCTION = YES;
				GCC_WARN_UNUSED_VARIABLE = YES;
				IPHONEOS_DEPLOYMENT_TARGET = 12.2;
				MTL_ENABLE_DEBUG_INFO = INCLUDE_SOURCE;
				MTL_FAST_MATH = YES;
				ONLY_ACTIVE_ARCH = YES;
				SDKROOT = iphoneos;
				SWIFT_ACTIVE_COMPILATION_CONDITIONS = DEBUG;
				SWIFT_OPTIMIZATION_LEVEL = "-Onone";
			};
			name = Debug;
		};
		58C6FB2122D76996004A9573 /* Release */ = {
			isa = XCBuildConfiguration;
			buildSettings = {
				ALWAYS_SEARCH_USER_PATHS = NO;
				CLANG_ANALYZER_NONNULL = YES;
				CLANG_ANALYZER_NUMBER_OBJECT_CONVERSION = YES_AGGRESSIVE;
				CLANG_CXX_LANGUAGE_STANDARD = "gnu++14";
				CLANG_CXX_LIBRARY = "libc++";
				CLANG_ENABLE_MODULES = YES;
				CLANG_ENABLE_OBJC_ARC = YES;
				CLANG_ENABLE_OBJC_WEAK = YES;
				CLANG_WARN_BLOCK_CAPTURE_AUTORELEASING = YES;
				CLANG_WARN_BOOL_CONVERSION = YES;
				CLANG_WARN_COMMA = YES;
				CLANG_WARN_CONSTANT_CONVERSION = YES;
				CLANG_WARN_DEPRECATED_OBJC_IMPLEMENTATIONS = YES;
				CLANG_WARN_DIRECT_OBJC_ISA_USAGE = YES_ERROR;
				CLANG_WARN_DOCUMENTATION_COMMENTS = YES;
				CLANG_WARN_EMPTY_BODY = YES;
				CLANG_WARN_ENUM_CONVERSION = YES;
				CLANG_WARN_INFINITE_RECURSION = YES;
				CLANG_WARN_INT_CONVERSION = YES;
				CLANG_WARN_NON_LITERAL_NULL_CONVERSION = YES;
				CLANG_WARN_OBJC_IMPLICIT_RETAIN_SELF = YES;
				CLANG_WARN_OBJC_LITERAL_CONVERSION = YES;
				CLANG_WARN_OBJC_ROOT_CLASS = YES_ERROR;
				CLANG_WARN_RANGE_LOOP_ANALYSIS = YES;
				CLANG_WARN_STRICT_PROTOTYPES = YES;
				CLANG_WARN_SUSPICIOUS_MOVE = YES;
				CLANG_WARN_UNGUARDED_AVAILABILITY = YES_AGGRESSIVE;
				CLANG_WARN_UNREACHABLE_CODE = YES;
				CLANG_WARN__DUPLICATE_METHOD_MATCH = YES;
				CODE_SIGN_IDENTITY = "iPhone Developer";
				COPY_PHASE_STRIP = NO;
				DEBUG_INFORMATION_FORMAT = "dwarf-with-dsym";
				ENABLE_NS_ASSERTIONS = NO;
				ENABLE_STRICT_OBJC_MSGSEND = YES;
				GCC_C_LANGUAGE_STANDARD = gnu11;
				GCC_NO_COMMON_BLOCKS = YES;
				GCC_WARN_64_TO_32_BIT_CONVERSION = YES;
				GCC_WARN_ABOUT_RETURN_TYPE = YES_ERROR;
				GCC_WARN_UNDECLARED_SELECTOR = YES;
				GCC_WARN_UNINITIALIZED_AUTOS = YES_AGGRESSIVE;
				GCC_WARN_UNUSED_FUNCTION = YES;
				GCC_WARN_UNUSED_VARIABLE = YES;
				IPHONEOS_DEPLOYMENT_TARGET = 12.2;
				MTL_ENABLE_DEBUG_INFO = NO;
				MTL_FAST_MATH = YES;
				SDKROOT = iphoneos;
				SWIFT_COMPILATION_MODE = wholemodule;
				SWIFT_OPTIMIZATION_LEVEL = "-O";
				VALIDATE_PRODUCT = YES;
			};
			name = Release;
		};
		58C6FB2322D76996004A9573 /* Debug */ = {
			isa = XCBuildConfiguration;
			baseConfigurationReference = 33E2891BA93C9ABB47E29BEF /* Pods-MapsManager.debug.xcconfig */;
			buildSettings = {
				ASSETCATALOG_COMPILER_APPICON_NAME = AppIcon;
				CODE_SIGN_STYLE = Automatic;
				DEVELOPMENT_TEAM = 45JNFF5WM9;
				INFOPLIST_FILE = "$(SRCROOT)/MapsManager/Support files/Info.plist";
				LD_RUNPATH_SEARCH_PATHS = (
					"$(inherited)",
					"@executable_path/Frameworks",
				);
				PRODUCT_BUNDLE_IDENTIFIER = myOrg.MapsManager;
				PRODUCT_NAME = "$(TARGET_NAME)";
				SWIFT_VERSION = 5.0;
				TARGETED_DEVICE_FAMILY = "1,2";
			};
			name = Debug;
		};
		58C6FB2422D76996004A9573 /* Release */ = {
			isa = XCBuildConfiguration;
			baseConfigurationReference = D94EF912EAD9643C5794A476 /* Pods-MapsManager.release.xcconfig */;
			buildSettings = {
				ASSETCATALOG_COMPILER_APPICON_NAME = AppIcon;
				CODE_SIGN_STYLE = Automatic;
				DEVELOPMENT_TEAM = 45JNFF5WM9;
				INFOPLIST_FILE = "$(SRCROOT)/MapsManager/Support files/Info.plist";
				LD_RUNPATH_SEARCH_PATHS = (
					"$(inherited)",
					"@executable_path/Frameworks",
				);
				PRODUCT_BUNDLE_IDENTIFIER = myOrg.MapsManager;
				PRODUCT_NAME = "$(TARGET_NAME)";
				SWIFT_VERSION = 5.0;
				TARGETED_DEVICE_FAMILY = "1,2";
			};
			name = Release;
		};
/* End XCBuildConfiguration section */

/* Begin XCConfigurationList section */
		58C6FB0B22D76993004A9573 /* Build configuration list for PBXProject "MapsManager" */ = {
			isa = XCConfigurationList;
			buildConfigurations = (
				58C6FB2022D76996004A9573 /* Debug */,
				58C6FB2122D76996004A9573 /* Release */,
			);
			defaultConfigurationIsVisible = 0;
			defaultConfigurationName = Release;
		};
		58C6FB2222D76996004A9573 /* Build configuration list for PBXNativeTarget "MapsManager" */ = {
			isa = XCConfigurationList;
			buildConfigurations = (
				58C6FB2322D76996004A9573 /* Debug */,
				58C6FB2422D76996004A9573 /* Release */,
			);
			defaultConfigurationIsVisible = 0;
			defaultConfigurationName = Release;
		};
/* End XCConfigurationList section */
	};
	rootObject = 58C6FB0822D76993004A9573 /* Project object */;
}
